
Microsoft Visual Studio Solution File, Format Version 12.00
# Visual Studio Version 17
VisualStudioVersion = 17.1.32210.238
MinimumVisualStudioVersion = 10.0.40219.1
Project("{9A19103F-16F7-4668-BE54-9A1E7A4F7556}") = "CertificateInstallTool", "CertificateInstallTool\CertificateInstallTool.csproj", "{1F6FF378-605F-4EBC-914F-D6583BDB7A52}"
EndProject
Project("{FAE04EC0-301F-11D3-BF4B-00C04F79EFBC}") = "MQIManagedClient", "MQIManagedClient\MQIManagedClient.csproj", "{CC9D10F3-D1E6-4FE5-BFDC-11CF2AC832E7}"
	ProjectSection(ProjectDependencies) = postProject
		{1F6FF378-605F-4EBC-914F-D6583BDB7A52} = {1F6FF378-605F-4EBC-914F-D6583BDB7A52}
	EndProjectSection
EndProject
Global
	GlobalSection(SolutionConfigurationPlatforms) = preSolution
		Debug|Any CPU = Debug|Any CPU
		Release|Any CPU = Release|Any CPU
	EndGlobalSection
	GlobalSection(ProjectConfigurationPlatforms) = postSolution
		{1F6FF378-605F-4EBC-914F-D6583BDB7A52}.Debug|Any CPU.ActiveCfg = Debug|Any CPU
		{1F6FF378-605F-4EBC-914F-D6583BDB7A52}.Debug|Any CPU.Build.0 = Debug|Any CPU
		{1F6FF378-605F-4EBC-914F-D6583BDB7A52}.Release|Any CPU.ActiveCfg = Release|Any CPU
		{1F6FF378-605F-4EBC-914F-D6583BDB7A52}.Release|Any CPU.Build.0 = Release|Any CPU
		{CC9D10F3-D1E6-4FE5-BFDC-11CF2AC832E7}.Debug|Any CPU.ActiveCfg = Debug|Any CPU
		{CC9D10F3-D1E6-4FE5-BFDC-11CF2AC832E7}.Debug|Any CPU.Build.0 = Debug|Any CPU
		{CC9D10F3-D1E6-4FE5-BFDC-11CF2AC832E7}.Release|Any CPU.ActiveCfg = Release|Any CPU
		{CC9D10F3-D1E6-4FE5-BFDC-11CF2AC832E7}.Release|Any CPU.Build.0 = Release|Any CPU
	EndGlobalSection
	GlobalSection(SolutionProperties) = preSolution
		HideSolutionNode = FALSE
	EndGlobalSection
	GlobalSection(ExtensibilityGlobals) = postSolution
		SolutionGuid = {860D845E-B678-4B98-9151-8394AEA18705}
	EndGlobalSection
EndGlobal
